
Microsoft Visual Studio Solution File, Format Version 12.00
# Visual Studio Version 16
VisualStudioVersion = 16.0.31025.194
MinimumVisualStudioVersion = 10.0.40219.1
Project("{9A19103F-16F7-4668-BE54-9A1E7A4F7556}") = "FlashMusic", "FlashMusic\FlashMusic.csproj", "{7C181D83-ECB0-40C1-9DC8-84CC3F0C5B29}"
EndProject
Project("{9A19103F-16F7-4668-BE54-9A1E7A4F7556}") = "JWTAuthentication", "JWTAuthentication\JWTAuthentication.csproj", "{DAC9DC72-357A-4FBB-B29A-B88D6B9CEED1}"
EndProject
Project("{9A19103F-16F7-4668-BE54-9A1E7A4F7556}") = "TencentCos", "TencentCos\TencentCos.csproj", "{2C34C98C-94E3-4292-A139-37DF07D2626A}"
EndProject
Project("{9A19103F-16F7-4668-BE54-9A1E7A4F7556}") = "MailService", "MailService\MailService.csproj", "{8F38F657-3E4C-4941-B32C-CF04BAAB8224}"
EndProject
Project("{9A19103F-16F7-4668-BE54-9A1E7A4F7556}") = "RabbitMQProducer", "RabbitMQProducer\RabbitMQProducer.csproj", "{EDA78077-D6F7-4EAB-8D19-1A32F15A52F0}"
EndProject
Project("{9A19103F-16F7-4668-BE54-9A1E7A4F7556}") = "RabbitMQConsumer", "RabbitMQConsumer\RabbitMQConsumer.csproj", "{991CF1A2-6679-4033-8AA0-2847C5166B47}"
EndProject
Project("{9A19103F-16F7-4668-BE54-9A1E7A4F7556}") = "OrderRabbitMQProducer", "OrderRabbitMQProducer\OrderRabbitMQProducer.csproj", "{02D2F92A-6FE3-424C-98D6-5D6E3A8B7B5A}"
EndProject
Project("{9A19103F-16F7-4668-BE54-9A1E7A4F7556}") = "OrderRabbitMQConsumer", "OrderRabbitMQConsumer\OrderRabbitMQConsumer.csproj", "{121737F6-D93C-4D14-8618-3E711FB3088F}"
EndProject
Project("{9A19103F-16F7-4668-BE54-9A1E7A4F7556}") = "NeteaseCloudMusicApi", "NeteaseCloudMusicApi\NeteaseCloudMusicApi.csproj", "{19B2DEC4-FFE0-426F-A980-22149792878F}"
EndProject
Project("{9A19103F-16F7-4668-BE54-9A1E7A4F7556}") = "NeteaseCloudMusicApi.Demo", "NeteaseCloudMusicApi.Demo\NeteaseCloudMusicApi.Demo.csproj", "{F9FFC411-01BB-4889-A903-1633B1E87C7E}"
EndProject
Global
	GlobalSection(SolutionConfigurationPlatforms) = preSolution
		Debug|Any CPU = Debug|Any CPU
		Release|Any CPU = Release|Any CPU
	EndGlobalSection
	GlobalSection(ProjectConfigurationPlatforms) = postSolution
		{7C181D83-ECB0-40C1-9DC8-84CC3F0C5B29}.Debug|Any CPU.ActiveCfg = Debug|Any CPU
		{7C181D83-ECB0-40C1-9DC8-84CC3F0C5B29}.Debug|Any CPU.Build.0 = Debug|Any CPU
		{7C181D83-ECB0-40C1-9DC8-84CC3F0C5B29}.Release|Any CPU.ActiveCfg = Release|Any CPU
		{7C181D83-ECB0-40C1-9DC8-84CC3F0C5B29}.Release|Any CPU.Build.0 = Release|Any CPU
		{DAC9DC72-357A-4FBB-B29A-B88D6B9CEED1}.Debug|Any CPU.ActiveCfg = Debug|Any CPU
		{DAC9DC72-357A-4FBB-B29A-B88D6B9CEED1}.Debug|Any CPU.Build.0 = Debug|Any CPU
		{DAC9DC72-357A-4FBB-B29A-B88D6B9CEED1}.Release|Any CPU.ActiveCfg = Release|Any CPU
		{DAC9DC72-357A-4FBB-B29A-B88D6B9CEED1}.Release|Any CPU.Build.0 = Release|Any CPU
		{2C34C98C-94E3-4292-A139-37DF07D2626A}.Debug|Any CPU.ActiveCfg = Debug|Any CPU
		{2C34C98C-94E3-4292-A139-37DF07D2626A}.Debug|Any CPU.Build.0 = Debug|Any CPU
		{2C34C98C-94E3-4292-A139-37DF07D2626A}.Release|Any CPU.ActiveCfg = Release|Any CPU
		{2C34C98C-94E3-4292-A139-37DF07D2626A}.Release|Any CPU.Build.0 = Release|Any CPU
		{8F38F657-3E4C-4941-B32C-CF04BAAB8224}.Debug|Any CPU.ActiveCfg = Debug|Any CPU
		{8F38F657-3E4C-4941-B32C-CF04BAAB8224}.Debug|Any CPU.Build.0 = Debug|Any CPU
		{8F38F657-3E4C-4941-B32C-CF04BAAB8224}.Release|Any CPU.ActiveCfg = Release|Any CPU
		{8F38F657-3E4C-4941-B32C-CF04BAAB8224}.Release|Any CPU.Build.0 = Release|Any CPU
		{EDA78077-D6F7-4EAB-8D19-1A32F15A52F0}.Debug|Any CPU.ActiveCfg = Debug|Any CPU
		{EDA78077-D6F7-4EAB-8D19-1A32F15A52F0}.Debug|Any CPU.Build.0 = Debug|Any CPU
		{EDA78077-D6F7-4EAB-8D19-1A32F15A52F0}.Release|Any CPU.ActiveCfg = Release|Any CPU
		{EDA78077-D6F7-4EAB-8D19-1A32F15A52F0}.Release|Any CPU.Build.0 = Release|Any CPU
		{991CF1A2-6679-4033-8AA0-2847C5166B47}.Debug|Any CPU.ActiveCfg = Debug|Any CPU
		{991CF1A2-6679-4033-8AA0-2847C5166B47}.Debug|Any CPU.Build.0 = Debug|Any CPU
		{991CF1A2-6679-4033-8AA0-2847C5166B47}.Release|Any CPU.ActiveCfg = Release|Any CPU
		{991CF1A2-6679-4033-8AA0-2847C5166B47}.Release|Any CPU.Build.0 = Release|Any CPU
		{02D2F92A-6FE3-424C-98D6-5D6E3A8B7B5A}.Debug|Any CPU.ActiveCfg = Debug|Any CPU
		{02D2F92A-6FE3-424C-98D6-5D6E3A8B7B5A}.Debug|Any CPU.Build.0 = Debug|Any CPU
		{02D2F92A-6FE3-424C-98D6-5D6E3A8B7B5A}.Release|Any CPU.ActiveCfg = Release|Any CPU
		{02D2F92A-6FE3-424C-98D6-5D6E3A8B7B5A}.Release|Any CPU.Build.0 = Release|Any CPU
		{121737F6-D93C-4D14-8618-3E711FB3088F}.Debug|Any CPU.ActiveCfg = Debug|Any CPU
		{121737F6-D93C-4D14-8618-3E711FB3088F}.Debug|Any CPU.Build.0 = Debug|Any CPU
		{121737F6-D93C-4D14-8618-3E711FB3088F}.Release|Any CPU.ActiveCfg = Release|Any CPU
		{121737F6-D93C-4D14-8618-3E711FB3088F}.Release|Any CPU.Build.0 = Release|Any CPU
		{19B2DEC4-FFE0-426F-A980-22149792878F}.Debug|Any CPU.ActiveCfg = Debug|Any CPU
		{19B2DEC4-FFE0-426F-A980-22149792878F}.Debug|Any CPU.Build.0 = Debug|Any CPU
		{19B2DEC4-FFE0-426F-A980-22149792878F}.Release|Any CPU.ActiveCfg = Release|Any CPU
		{19B2DEC4-FFE0-426F-A980-22149792878F}.Release|Any CPU.Build.0 = Release|Any CPU
		{F9FFC411-01BB-4889-A903-1633B1E87C7E}.Debug|Any CPU.ActiveCfg = Debug|Any CPU
		{F9FFC411-01BB-4889-A903-1633B1E87C7E}.Debug|Any CPU.Build.0 = Debug|Any CPU
		{F9FFC411-01BB-4889-A903-1633B1E87C7E}.Release|Any CPU.ActiveCfg = Release|Any CPU
		{F9FFC411-01BB-4889-A903-1633B1E87C7E}.Release|Any CPU.Build.0 = Release|Any CPU
	EndGlobalSection
	GlobalSection(SolutionProperties) = preSolution
		HideSolutionNode = FALSE
	EndGlobalSection
	GlobalSection(ExtensibilityGlobals) = postSolution
		SolutionGuid = {38A90C90-DF05-43BE-AAA9-2EB0D119ECA3}
	EndGlobalSection
EndGlobal
