
Microsoft Visual Studio Solution File, Format Version 12.00
# Visual Studio Version 16
VisualStudioVersion = 16.0.31025.194
MinimumVisualStudioVersion = 10.0.40219.1
Project("{9A19103F-16F7-4668-BE54-9A1E7A4F7556}") = "FlashMusic", "FlashMusic\FlashMusic.csproj", "{7C181D83-ECB0-40C1-9DC8-84CC3F0C5B29}"
EndProject
Project("{9A19103F-16F7-4668-BE54-9A1E7A4F7556}") = "JWTAuthentication", "JWTAuthentication\JWTAuthentication.csproj", "{DAC9DC72-357A-4FBB-B29A-B88D6B9CEED1}"
EndProject
Project("{9A19103F-16F7-4668-BE54-9A1E7A4F7556}") = "TencentCos", "TencentCos\TencentCos.csproj", "{2C34C98C-94E3-4292-A139-37DF07D2626A}"
EndProject
Project("{FAE04EC0-301F-11D3-BF4B-00C04F79EFBC}") = "MailService", "MailService\MailService.csproj", "{8F38F657-3E4C-4941-B32C-CF04BAAB8224}"
EndProject
Project("{FAE04EC0-301F-11D3-BF4B-00C04F79EFBC}") = "RabbitMQProducer", "RabbitMQProducer\RabbitMQProducer.csproj", "{EDA78077-D6F7-4EAB-8D19-1A32F15A52F0}"
EndProject
Project("{FAE04EC0-301F-11D3-BF4B-00C04F79EFBC}") = "RabbitMQConsumer", "RabbitMQConsumer\RabbitMQConsumer.csproj", "{991CF1A2-6679-4033-8AA0-2847C5166B47}"
EndProject
Global
	GlobalSection(SolutionConfigurationPlatforms) = preSolution
		Debug|Any CPU = Debug|Any CPU
		Release|Any CPU = Release|Any CPU
	EndGlobalSection
	GlobalSection(ProjectConfigurationPlatforms) = postSolution
		{7C181D83-ECB0-40C1-9DC8-84CC3F0C5B29}.Debug|Any CPU.ActiveCfg = Debug|Any CPU
		{7C181D83-ECB0-40C1-9DC8-84CC3F0C5B29}.Debug|Any CPU.Build.0 = Debug|Any CPU
		{7C181D83-ECB0-40C1-9DC8-84CC3F0C5B29}.Release|Any CPU.ActiveCfg = Release|Any CPU
		{7C181D83-ECB0-40C1-9DC8-84CC3F0C5B29}.Release|Any CPU.Build.0 = Release|Any CPU
		{DAC9DC72-357A-4FBB-B29A-B88D6B9CEED1}.Debug|Any CPU.ActiveCfg = Debug|Any CPU
		{DAC9DC72-357A-4FBB-B29A-B88D6B9CEED1}.Debug|Any CPU.Build.0 = Debug|Any CPU
		{DAC9DC72-357A-4FBB-B29A-B88D6B9CEED1}.Release|Any CPU.ActiveCfg = Release|Any CPU
		{DAC9DC72-357A-4FBB-B29A-B88D6B9CEED1}.Release|Any CPU.Build.0 = Release|Any CPU
		{2C34C98C-94E3-4292-A139-37DF07D2626A}.Debug|Any CPU.ActiveCfg = Debug|Any CPU
		{2C34C98C-94E3-4292-A139-37DF07D2626A}.Debug|Any CPU.Build.0 = Debug|Any CPU
		{2C34C98C-94E3-4292-A139-37DF07D2626A}.Release|Any CPU.ActiveCfg = Release|Any CPU
		{2C34C98C-94E3-4292-A139-37DF07D2626A}.Release|Any CPU.Build.0 = Release|Any CPU
		{8F38F657-3E4C-4941-B32C-CF04BAAB8224}.Debug|Any CPU.ActiveCfg = Debug|Any CPU
		{8F38F657-3E4C-4941-B32C-CF04BAAB8224}.Debug|Any CPU.Build.0 = Debug|Any CPU
		{8F38F657-3E4C-4941-B32C-CF04BAAB8224}.Release|Any CPU.ActiveCfg = Release|Any CPU
		{8F38F657-3E4C-4941-B32C-CF04BAAB8224}.Release|Any CPU.Build.0 = Release|Any CPU
		{EDA78077-D6F7-4EAB-8D19-1A32F15A52F0}.Debug|Any CPU.ActiveCfg = Debug|Any CPU
		{EDA78077-D6F7-4EAB-8D19-1A32F15A52F0}.Debug|Any CPU.Build.0 = Debug|Any CPU
		{EDA78077-D6F7-4EAB-8D19-1A32F15A52F0}.Release|Any CPU.ActiveCfg = Release|Any CPU
		{EDA78077-D6F7-4EAB-8D19-1A32F15A52F0}.Release|Any CPU.Build.0 = Release|Any CPU
		{991CF1A2-6679-4033-8AA0-2847C5166B47}.Debug|Any CPU.ActiveCfg = Debug|Any CPU
		{991CF1A2-6679-4033-8AA0-2847C5166B47}.Debug|Any CPU.Build.0 = Debug|Any CPU
		{991CF1A2-6679-4033-8AA0-2847C5166B47}.Release|Any CPU.ActiveCfg = Release|Any CPU
		{991CF1A2-6679-4033-8AA0-2847C5166B47}.Release|Any CPU.Build.0 = Release|Any CPU
	EndGlobalSection
	GlobalSection(SolutionProperties) = preSolution
		HideSolutionNode = FALSE
	EndGlobalSection
	GlobalSection(ExtensibilityGlobals) = postSolution
		SolutionGuid = {38A90C90-DF05-43BE-AAA9-2EB0D119ECA3}
	EndGlobalSection
EndGlobal
